
Microsoft Visual Studio Solution File, Format Version 12.00
# Visual Studio Version 16
VisualStudioVersion = 16.0.29519.87
MinimumVisualStudioVersion = 10.0.40219.1
Project("{FAE04EC0-301F-11D3-BF4B-00C04F79EFBC}") = "Lab2", "Lab2\Lab2.csproj", "{DA9852EB-FB07-47F3-92CA-6A1D0712C06B}"
EndProject
Global
	GlobalSection(SolutionConfigurationPlatforms) = preSolution
		Debug|Any CPU = Debug|Any CPU
		Release|Any CPU = Release|Any CPU
	EndGlobalSection
	GlobalSection(ProjectConfigurationPlatforms) = postSolution
		{DA9852EB-FB07-47F3-92CA-6A1D0712C06B}.Debug|Any CPU.ActiveCfg = Debug|Any CPU
		{DA9852EB-FB07-47F3-92CA-6A1D0712C06B}.Debug|Any CPU.Build.0 = Debug|Any CPU
		{DA9852EB-FB07-47F3-92CA-6A1D0712C06B}.Release|Any CPU.ActiveCfg = Release|Any CPU
		{DA9852EB-FB07-47F3-92CA-6A1D0712C06B}.Release|Any CPU.Build.0 = Release|Any CPU
	EndGlobalSection
	GlobalSection(SolutionProperties) = preSolution
		HideSolutionNode = FALSE
	EndGlobalSection
	GlobalSection(ExtensibilityGlobals) = postSolution
		SolutionGuid = {B9BE4930-FC91-4F2A-8A32-76E4DCD97968}
	EndGlobalSection
EndGlobal
